
Microsoft Visual Studio Solution File, Format Version 12.00
# Visual Studio Version 16
VisualStudioVersion = 16.0.29201.188
MinimumVisualStudioVersion = 15.0.26124.0
Project("{2150E333-8FDC-42A3-9474-1A3956D46DE8}") = ".template.config", ".template.config", "{FF3ADAA8-EEDF-42AE-B5B4-FBFA6AC7AA6C}"
	ProjectSection(SolutionItems) = preProject
		.template.config\template.json = .template.config\template.json
	EndProjectSection
EndProject
Project("{2150E333-8FDC-42A3-9474-1A3956D46DE8}") = "Test", "Test", "{6A858986-CF27-49A4-8098-F03D5F0BAF00}"
EndProject
Project("{9A19103F-16F7-4668-BE54-9A1E7A4F7556}") = "Template.WebApi.Tests.Unit", "test\Template.WebApi.Tests.Unit\Template.WebApi.Tests.Unit.csproj", "{C876CE28-6D50-4945-BF95-7BA2C3B72764}"
EndProject
Project("{9A19103F-16F7-4668-BE54-9A1E7A4F7556}") = "Template.WebApi.Tests.Acceptance", "test\Template.WebApi.Tests.Acceptance\Template.WebApi.Tests.Acceptance.csproj", "{4E2BCA71-7C0F-4DA0-9D88-75705C71918E}"
EndProject
Project("{9A19103F-16F7-4668-BE54-9A1E7A4F7556}") = "Template.WebApi", "src\Template.WebApi\Template.WebApi.csproj", "{86D04696-0226-42DD-93B0-E1C802DAE1D4}"
EndProject
Project("{9A19103F-16F7-4668-BE54-9A1E7A4F7556}") = "Template.WebApi.Tests.Integration", "test\Template.WebApi.Tests.Integration\Template.WebApi.Tests.Integration.csproj", "{3C31DD23-57C4-4781-96C5-40B65982A45C}"
EndProject
Project("{9A19103F-16F7-4668-BE54-9A1E7A4F7556}") = "Template.Domain", "src\Template.Domain\Template.Domain.csproj", "{D4CE67EA-FA9D-4BCE-8D9F-D601F0E49F42}"
EndProject
Project("{9A19103F-16F7-4668-BE54-9A1E7A4F7556}") = "Template.Contracts", "src\Template.Contracts\Template.Contracts.csproj", "{3D83DD14-A7CA-46AD-882E-09BDCFD56022}"
EndProject
Project("{9A19103F-16F7-4668-BE54-9A1E7A4F7556}") = "Template.MessageProcessor", "src\Template.MessageProcessor\Template.MessageProcessor.csproj", "{7BEDA763-F5CA-4BE1-BDFF-1BAC7526ADBB}"
EndProject
Project("{2150E333-8FDC-42A3-9474-1A3956D46DE8}") = "Solution Items", "Solution Items", "{A5352D27-B30E-4282-B4D1-DCF6935A8BA4}"
	ProjectSection(SolutionItems) = preProject
		version.txt = version.txt
	EndProjectSection
EndProject
Global
	GlobalSection(SolutionConfigurationPlatforms) = preSolution
		Debug|Any CPU = Debug|Any CPU
		Debug|x64 = Debug|x64
		Debug|x86 = Debug|x86
		Release|Any CPU = Release|Any CPU
		Release|x64 = Release|x64
		Release|x86 = Release|x86
	EndGlobalSection
	GlobalSection(ProjectConfigurationPlatforms) = postSolution
		{C876CE28-6D50-4945-BF95-7BA2C3B72764}.Debug|Any CPU.ActiveCfg = Debug|Any CPU
		{C876CE28-6D50-4945-BF95-7BA2C3B72764}.Debug|Any CPU.Build.0 = Debug|Any CPU
		{C876CE28-6D50-4945-BF95-7BA2C3B72764}.Debug|x64.ActiveCfg = Debug|Any CPU
		{C876CE28-6D50-4945-BF95-7BA2C3B72764}.Debug|x64.Build.0 = Debug|Any CPU
		{C876CE28-6D50-4945-BF95-7BA2C3B72764}.Debug|x86.ActiveCfg = Debug|Any CPU
		{C876CE28-6D50-4945-BF95-7BA2C3B72764}.Debug|x86.Build.0 = Debug|Any CPU
		{C876CE28-6D50-4945-BF95-7BA2C3B72764}.Release|Any CPU.ActiveCfg = Release|Any CPU
		{C876CE28-6D50-4945-BF95-7BA2C3B72764}.Release|Any CPU.Build.0 = Release|Any CPU
		{C876CE28-6D50-4945-BF95-7BA2C3B72764}.Release|x64.ActiveCfg = Release|Any CPU
		{C876CE28-6D50-4945-BF95-7BA2C3B72764}.Release|x64.Build.0 = Release|Any CPU
		{C876CE28-6D50-4945-BF95-7BA2C3B72764}.Release|x86.ActiveCfg = Release|Any CPU
		{C876CE28-6D50-4945-BF95-7BA2C3B72764}.Release|x86.Build.0 = Release|Any CPU
		{4E2BCA71-7C0F-4DA0-9D88-75705C71918E}.Debug|Any CPU.ActiveCfg = Debug|Any CPU
		{4E2BCA71-7C0F-4DA0-9D88-75705C71918E}.Debug|Any CPU.Build.0 = Debug|Any CPU
		{4E2BCA71-7C0F-4DA0-9D88-75705C71918E}.Debug|x64.ActiveCfg = Debug|Any CPU
		{4E2BCA71-7C0F-4DA0-9D88-75705C71918E}.Debug|x64.Build.0 = Debug|Any CPU
		{4E2BCA71-7C0F-4DA0-9D88-75705C71918E}.Debug|x86.ActiveCfg = Debug|Any CPU
		{4E2BCA71-7C0F-4DA0-9D88-75705C71918E}.Debug|x86.Build.0 = Debug|Any CPU
		{4E2BCA71-7C0F-4DA0-9D88-75705C71918E}.Release|Any CPU.ActiveCfg = Release|Any CPU
		{4E2BCA71-7C0F-4DA0-9D88-75705C71918E}.Release|Any CPU.Build.0 = Release|Any CPU
		{4E2BCA71-7C0F-4DA0-9D88-75705C71918E}.Release|x64.ActiveCfg = Release|Any CPU
		{4E2BCA71-7C0F-4DA0-9D88-75705C71918E}.Release|x64.Build.0 = Release|Any CPU
		{4E2BCA71-7C0F-4DA0-9D88-75705C71918E}.Release|x86.ActiveCfg = Release|Any CPU
		{4E2BCA71-7C0F-4DA0-9D88-75705C71918E}.Release|x86.Build.0 = Release|Any CPU
		{86D04696-0226-42DD-93B0-E1C802DAE1D4}.Debug|Any CPU.ActiveCfg = Debug|Any CPU
		{86D04696-0226-42DD-93B0-E1C802DAE1D4}.Debug|Any CPU.Build.0 = Debug|Any CPU
		{86D04696-0226-42DD-93B0-E1C802DAE1D4}.Debug|x64.ActiveCfg = Debug|Any CPU
		{86D04696-0226-42DD-93B0-E1C802DAE1D4}.Debug|x64.Build.0 = Debug|Any CPU
		{86D04696-0226-42DD-93B0-E1C802DAE1D4}.Debug|x86.ActiveCfg = Debug|Any CPU
		{86D04696-0226-42DD-93B0-E1C802DAE1D4}.Debug|x86.Build.0 = Debug|Any CPU
		{86D04696-0226-42DD-93B0-E1C802DAE1D4}.Release|Any CPU.ActiveCfg = Release|Any CPU
		{86D04696-0226-42DD-93B0-E1C802DAE1D4}.Release|Any CPU.Build.0 = Release|Any CPU
		{86D04696-0226-42DD-93B0-E1C802DAE1D4}.Release|x64.ActiveCfg = Release|Any CPU
		{86D04696-0226-42DD-93B0-E1C802DAE1D4}.Release|x64.Build.0 = Release|Any CPU
		{86D04696-0226-42DD-93B0-E1C802DAE1D4}.Release|x86.ActiveCfg = Release|Any CPU
		{86D04696-0226-42DD-93B0-E1C802DAE1D4}.Release|x86.Build.0 = Release|Any CPU
		{3C31DD23-57C4-4781-96C5-40B65982A45C}.Debug|Any CPU.ActiveCfg = Debug|Any CPU
		{3C31DD23-57C4-4781-96C5-40B65982A45C}.Debug|Any CPU.Build.0 = Debug|Any CPU
		{3C31DD23-57C4-4781-96C5-40B65982A45C}.Debug|x64.ActiveCfg = Debug|Any CPU
		{3C31DD23-57C4-4781-96C5-40B65982A45C}.Debug|x64.Build.0 = Debug|Any CPU
		{3C31DD23-57C4-4781-96C5-40B65982A45C}.Debug|x86.ActiveCfg = Debug|Any CPU
		{3C31DD23-57C4-4781-96C5-40B65982A45C}.Debug|x86.Build.0 = Debug|Any CPU
		{3C31DD23-57C4-4781-96C5-40B65982A45C}.Release|Any CPU.ActiveCfg = Release|Any CPU
		{3C31DD23-57C4-4781-96C5-40B65982A45C}.Release|Any CPU.Build.0 = Release|Any CPU
		{3C31DD23-57C4-4781-96C5-40B65982A45C}.Release|x64.ActiveCfg = Release|Any CPU
		{3C31DD23-57C4-4781-96C5-40B65982A45C}.Release|x64.Build.0 = Release|Any CPU
		{3C31DD23-57C4-4781-96C5-40B65982A45C}.Release|x86.ActiveCfg = Release|Any CPU
		{3C31DD23-57C4-4781-96C5-40B65982A45C}.Release|x86.Build.0 = Release|Any CPU
		{D4CE67EA-FA9D-4BCE-8D9F-D601F0E49F42}.Debug|Any CPU.ActiveCfg = Debug|Any CPU
		{D4CE67EA-FA9D-4BCE-8D9F-D601F0E49F42}.Debug|Any CPU.Build.0 = Debug|Any CPU
		{D4CE67EA-FA9D-4BCE-8D9F-D601F0E49F42}.Debug|x64.ActiveCfg = Debug|Any CPU
		{D4CE67EA-FA9D-4BCE-8D9F-D601F0E49F42}.Debug|x64.Build.0 = Debug|Any CPU
		{D4CE67EA-FA9D-4BCE-8D9F-D601F0E49F42}.Debug|x86.ActiveCfg = Debug|Any CPU
		{D4CE67EA-FA9D-4BCE-8D9F-D601F0E49F42}.Debug|x86.Build.0 = Debug|Any CPU
		{D4CE67EA-FA9D-4BCE-8D9F-D601F0E49F42}.Release|Any CPU.ActiveCfg = Release|Any CPU
		{D4CE67EA-FA9D-4BCE-8D9F-D601F0E49F42}.Release|Any CPU.Build.0 = Release|Any CPU
		{D4CE67EA-FA9D-4BCE-8D9F-D601F0E49F42}.Release|x64.ActiveCfg = Release|Any CPU
		{D4CE67EA-FA9D-4BCE-8D9F-D601F0E49F42}.Release|x64.Build.0 = Release|Any CPU
		{D4CE67EA-FA9D-4BCE-8D9F-D601F0E49F42}.Release|x86.ActiveCfg = Release|Any CPU
		{D4CE67EA-FA9D-4BCE-8D9F-D601F0E49F42}.Release|x86.Build.0 = Release|Any CPU
		{3D83DD14-A7CA-46AD-882E-09BDCFD56022}.Debug|Any CPU.ActiveCfg = Debug|Any CPU
		{3D83DD14-A7CA-46AD-882E-09BDCFD56022}.Debug|Any CPU.Build.0 = Debug|Any CPU
		{3D83DD14-A7CA-46AD-882E-09BDCFD56022}.Debug|x64.ActiveCfg = Debug|Any CPU
		{3D83DD14-A7CA-46AD-882E-09BDCFD56022}.Debug|x64.Build.0 = Debug|Any CPU
		{3D83DD14-A7CA-46AD-882E-09BDCFD56022}.Debug|x86.ActiveCfg = Debug|Any CPU
		{3D83DD14-A7CA-46AD-882E-09BDCFD56022}.Debug|x86.Build.0 = Debug|Any CPU
		{3D83DD14-A7CA-46AD-882E-09BDCFD56022}.Release|Any CPU.ActiveCfg = Release|Any CPU
		{3D83DD14-A7CA-46AD-882E-09BDCFD56022}.Release|Any CPU.Build.0 = Release|Any CPU
		{3D83DD14-A7CA-46AD-882E-09BDCFD56022}.Release|x64.ActiveCfg = Release|Any CPU
		{3D83DD14-A7CA-46AD-882E-09BDCFD56022}.Release|x64.Build.0 = Release|Any CPU
		{3D83DD14-A7CA-46AD-882E-09BDCFD56022}.Release|x86.ActiveCfg = Release|Any CPU
		{3D83DD14-A7CA-46AD-882E-09BDCFD56022}.Release|x86.Build.0 = Release|Any CPU
		{7BEDA763-F5CA-4BE1-BDFF-1BAC7526ADBB}.Debug|Any CPU.ActiveCfg = Debug|Any CPU
		{7BEDA763-F5CA-4BE1-BDFF-1BAC7526ADBB}.Debug|Any CPU.Build.0 = Debug|Any CPU
		{7BEDA763-F5CA-4BE1-BDFF-1BAC7526ADBB}.Debug|x64.ActiveCfg = Debug|Any CPU
		{7BEDA763-F5CA-4BE1-BDFF-1BAC7526ADBB}.Debug|x64.Build.0 = Debug|Any CPU
		{7BEDA763-F5CA-4BE1-BDFF-1BAC7526ADBB}.Debug|x86.ActiveCfg = Debug|Any CPU
		{7BEDA763-F5CA-4BE1-BDFF-1BAC7526ADBB}.Debug|x86.Build.0 = Debug|Any CPU
		{7BEDA763-F5CA-4BE1-BDFF-1BAC7526ADBB}.Release|Any CPU.ActiveCfg = Release|Any CPU
		{7BEDA763-F5CA-4BE1-BDFF-1BAC7526ADBB}.Release|Any CPU.Build.0 = Release|Any CPU
		{7BEDA763-F5CA-4BE1-BDFF-1BAC7526ADBB}.Release|x64.ActiveCfg = Release|Any CPU
		{7BEDA763-F5CA-4BE1-BDFF-1BAC7526ADBB}.Release|x64.Build.0 = Release|Any CPU
		{7BEDA763-F5CA-4BE1-BDFF-1BAC7526ADBB}.Release|x86.ActiveCfg = Release|Any CPU
		{7BEDA763-F5CA-4BE1-BDFF-1BAC7526ADBB}.Release|x86.Build.0 = Release|Any CPU
	EndGlobalSection
	GlobalSection(SolutionProperties) = preSolution
		HideSolutionNode = FALSE
	EndGlobalSection
	GlobalSection(NestedProjects) = preSolution
		{C876CE28-6D50-4945-BF95-7BA2C3B72764} = {6A858986-CF27-49A4-8098-F03D5F0BAF00}
		{4E2BCA71-7C0F-4DA0-9D88-75705C71918E} = {6A858986-CF27-49A4-8098-F03D5F0BAF00}
		{3C31DD23-57C4-4781-96C5-40B65982A45C} = {6A858986-CF27-49A4-8098-F03D5F0BAF00}
	EndGlobalSection
	GlobalSection(ExtensibilityGlobals) = postSolution
		SolutionGuid = {52B9FD37-23D8-490D-AB02-3D3DE9741120}
	EndGlobalSection
EndGlobal
